// !$*UTF8*$!
{
	archiveVersion = 1;
	classes = {
	};
	objectVersion = 56;
	objects = {

/* Begin PBXBuildFile section */
		C06E49412B16C9DD0051F654 /* SideMenu in Frameworks */ = {isa = PBXBuildFile; productRef = C06E49402B16C9DD0051F654 /* SideMenu */; };
		C06E49442B16C9F30051F654 /* SideMenu in Frameworks */ = {isa = PBXBuildFile; productRef = C06E49432B16C9F30051F654 /* SideMenu */; };
		C0858AFE2B0F4F5F006BAAD3 /* JobFigmaApp.swift in Sources */ = {isa = PBXBuildFile; fileRef = C0858AFD2B0F4F5F006BAAD3 /* JobFigmaApp.swift */; };
		C0858B002B0F4F5F006BAAD3 /* Welcome.swift in Sources */ = {isa = PBXBuildFile; fileRef = C0858AFF2B0F4F5F006BAAD3 /* Welcome.swift */; };
		C0858B022B0F4F61006BAAD3 /* Assets.xcassets in Resources */ = {isa = PBXBuildFile; fileRef = C0858B012B0F4F61006BAAD3 /* Assets.xcassets */; };
		C0858B052B0F4F61006BAAD3 /* Preview Assets.xcassets in Resources */ = {isa = PBXBuildFile; fileRef = C0858B042B0F4F61006BAAD3 /* Preview Assets.xcassets */; };
		C0858B102B0F51A2006BAAD3 /* ThemeButtons.swift in Sources */ = {isa = PBXBuildFile; fileRef = C0858B0F2B0F51A2006BAAD3 /* ThemeButtons.swift */; };
		C0858B122B0F6291006BAAD3 /* FormFields.swift in Sources */ = {isa = PBXBuildFile; fileRef = C0858B112B0F6291006BAAD3 /* FormFields.swift */; };
		C0D97D992B0FC571001B8819 /* JobCards.swift in Sources */ = {isa = PBXBuildFile; fileRef = C0D97D982B0FC571001B8819 /* JobCards.swift */; };
		C0D97D9C2B0FDD14001B8819 /* Anmelden.swift in Sources */ = {isa = PBXBuildFile; fileRef = C0D97D9B2B0FDD14001B8819 /* Anmelden.swift */; };
		C0D97DA12B1019B6001B8819 /* Registrieren.swift in Sources */ = {isa = PBXBuildFile; fileRef = C0D97DA02B1019B6001B8819 /* Registrieren.swift */; };
		C0D97DA72B101FF1001B8819 /* ContentView.swift in Sources */ = {isa = PBXBuildFile; fileRef = C0D97DA62B101FF1001B8819 /* ContentView.swift */; };
		C0D97DAA2B1021CA001B8819 /* AppViewModel.swift in Sources */ = {isa = PBXBuildFile; fileRef = C0D97DA92B1021CA001B8819 /* AppViewModel.swift */; };
		C0D97DAE2B10B282001B8819 /* MainView.swift in Sources */ = {isa = PBXBuildFile; fileRef = C0D97DAD2B10B282001B8819 /* MainView.swift */; };
		C0D97DB12B10B825001B8819 /* Avatar.swift in Sources */ = {isa = PBXBuildFile; fileRef = C0D97DB02B10B825001B8819 /* Avatar.swift */; };
		C0D97DB72B12088C001B8819 /* SnappingLayout in Frameworks */ = {isa = PBXBuildFile; productRef = C0D97DB62B12088C001B8819 /* SnappingLayout */; };
		C0D97DBD2B12430A001B8819 /* ChatListView.swift in Sources */ = {isa = PBXBuildFile; fileRef = C0D97DBC2B12430A001B8819 /* ChatListView.swift */; };
		C0D97DC02B12645C001B8819 /* ChatListElement.swift in Sources */ = {isa = PBXBuildFile; fileRef = C0D97DBF2B12645B001B8819 /* ChatListElement.swift */; };
		C0D97DC22B1269CE001B8819 /* NotificationIndicator.swift in Sources */ = {isa = PBXBuildFile; fileRef = C0D97DC12B1269CE001B8819 /* NotificationIndicator.swift */; };
		C0D97DC82B127083001B8819 /* Awesome in Frameworks */ = {isa = PBXBuildFile; productRef = C0D97DC72B127083001B8819 /* Awesome */; };
		C0D97DCB2B12AF40001B8819 /* SwipeActions in Frameworks */ = {isa = PBXBuildFile; productRef = C0D97DCA2B12AF40001B8819 /* SwipeActions */; };
		C0D97DE22B12B898001B8819 /* Finn.jpeg in Resources */ = {isa = PBXBuildFile; fileRef = C0D97DDB2B12B897001B8819 /* Finn.jpeg */; };
		C0D97DE32B12B898001B8819 /* Lea.jpeg in Resources */ = {isa = PBXBuildFile; fileRef = C0D97DDC2B12B897001B8819 /* Lea.jpeg */; };
		C0D97DE42B12B898001B8819 /* Jonas.jpeg in Resources */ = {isa = PBXBuildFile; fileRef = C0D97DDD2B12B897001B8819 /* Jonas.jpeg */; };
		C0D97DE52B12B898001B8819 /* Hanna.jpeg in Resources */ = {isa = PBXBuildFile; fileRef = C0D97DDE2B12B897001B8819 /* Hanna.jpeg */; };
		C0D97DE62B12B898001B8819 /* avatar.jpg in Resources */ = {isa = PBXBuildFile; fileRef = C0D97DDF2B12B897001B8819 /* avatar.jpg */; };
		C0D97DE72B12B898001B8819 /* Tim.jpeg in Resources */ = {isa = PBXBuildFile; fileRef = C0D97DE02B12B898001B8819 /* Tim.jpeg */; };
		C0D97DE82B12B898001B8819 /* Lukas.jpeg in Resources */ = {isa = PBXBuildFile; fileRef = C0D97DE12B12B898001B8819 /* Lukas.jpeg */; };
		C0D97DED2B13F98D001B8819 /* CustomToolbar.swift in Sources */ = {isa = PBXBuildFile; fileRef = C0D97DEC2B13F98D001B8819 /* CustomToolbar.swift */; };
		C0D97DF12B140876001B8819 /* ProfileView.swift in Sources */ = {isa = PBXBuildFile; fileRef = C0D97DF02B140876001B8819 /* ProfileView.swift */; };
		C0D97DF42B14089D001B8819 /* SettingsView.swift in Sources */ = {isa = PBXBuildFile; fileRef = C0D97DF32B14089D001B8819 /* SettingsView.swift */; };
		C0D97DFA2B143170001B8819 /* TestView.swift in Sources */ = {isa = PBXBuildFile; fileRef = C0D97DF92B143170001B8819 /* TestView.swift */; };
		C0D97E012B149768001B8819 /* menuBG.jpeg in Resources */ = {isa = PBXBuildFile; fileRef = C0D97E002B149768001B8819 /* menuBG.jpeg */; };
		C0D97E052B14A30F001B8819 /* RootView.swift in Sources */ = {isa = PBXBuildFile; fileRef = C0D97E042B14A30F001B8819 /* RootView.swift */; };
/* End PBXBuildFile section */

/* Begin PBXFileReference section */
		C0858AFA2B0F4F5F006BAAD3 /* JobFigma.app */ = {isa = PBXFileReference; explicitFileType = wrapper.application; includeInIndex = 0; path = JobFigma.app; sourceTree = BUILT_PRODUCTS_DIR; };
		C0858AFD2B0F4F5F006BAAD3 /* JobFigmaApp.swift */ = {isa = PBXFileReference; lastKnownFileType = sourcecode.swift; path = JobFigmaApp.swift; sourceTree = "<group>"; };
		C0858AFF2B0F4F5F006BAAD3 /* Welcome.swift */ = {isa = PBXFileReference; lastKnownFileType = sourcecode.swift; path = Welcome.swift; sourceTree = "<group>"; };
		C0858B012B0F4F61006BAAD3 /* Assets.xcassets */ = {isa = PBXFileReference; lastKnownFileType = folder.assetcatalog; path = Assets.xcassets; sourceTree = "<group>"; };
		C0858B042B0F4F61006BAAD3 /* Preview Assets.xcassets */ = {isa = PBXFileReference; lastKnownFileType = folder.assetcatalog; path = "Preview Assets.xcassets"; sourceTree = "<group>"; };
		C0858B0F2B0F51A2006BAAD3 /* ThemeButtons.swift */ = {isa = PBXFileReference; lastKnownFileType = sourcecode.swift; path = ThemeButtons.swift; sourceTree = "<group>"; };
		C0858B112B0F6291006BAAD3 /* FormFields.swift */ = {isa = PBXFileReference; lastKnownFileType = sourcecode.swift; path = FormFields.swift; sourceTree = "<group>"; };
		C0D97D982B0FC571001B8819 /* JobCards.swift */ = {isa = PBXFileReference; lastKnownFileType = sourcecode.swift; path = JobCards.swift; sourceTree = "<group>"; };
		C0D97D9B2B0FDD14001B8819 /* Anmelden.swift */ = {isa = PBXFileReference; lastKnownFileType = sourcecode.swift; path = Anmelden.swift; sourceTree = "<group>"; };
		C0D97DA02B1019B6001B8819 /* Registrieren.swift */ = {isa = PBXFileReference; lastKnownFileType = sourcecode.swift; path = Registrieren.swift; sourceTree = "<group>"; };
		C0D97DA62B101FF1001B8819 /* ContentView.swift */ = {isa = PBXFileReference; lastKnownFileType = sourcecode.swift; path = ContentView.swift; sourceTree = "<group>"; };
		C0D97DA92B1021CA001B8819 /* AppViewModel.swift */ = {isa = PBXFileReference; lastKnownFileType = sourcecode.swift; path = AppViewModel.swift; sourceTree = "<group>"; };
		C0D97DAD2B10B282001B8819 /* MainView.swift */ = {isa = PBXFileReference; lastKnownFileType = sourcecode.swift; path = MainView.swift; sourceTree = "<group>"; };
		C0D97DB02B10B825001B8819 /* Avatar.swift */ = {isa = PBXFileReference; lastKnownFileType = sourcecode.swift; path = Avatar.swift; sourceTree = "<group>"; };
		C0D97DBC2B12430A001B8819 /* ChatListView.swift */ = {isa = PBXFileReference; lastKnownFileType = sourcecode.swift; path = ChatListView.swift; sourceTree = "<group>"; };
		C0D97DBF2B12645B001B8819 /* ChatListElement.swift */ = {isa = PBXFileReference; lastKnownFileType = sourcecode.swift; path = ChatListElement.swift; sourceTree = "<group>"; };
		C0D97DC12B1269CE001B8819 /* NotificationIndicator.swift */ = {isa = PBXFileReference; lastKnownFileType = sourcecode.swift; path = NotificationIndicator.swift; sourceTree = "<group>"; };
		C0D97DDB2B12B897001B8819 /* Finn.jpeg */ = {isa = PBXFileReference; lastKnownFileType = image.jpeg; path = Finn.jpeg; sourceTree = "<group>"; };
		C0D97DDC2B12B897001B8819 /* Lea.jpeg */ = {isa = PBXFileReference; lastKnownFileType = image.jpeg; path = Lea.jpeg; sourceTree = "<group>"; };
		C0D97DDD2B12B897001B8819 /* Jonas.jpeg */ = {isa = PBXFileReference; lastKnownFileType = image.jpeg; path = Jonas.jpeg; sourceTree = "<group>"; };
		C0D97DDE2B12B897001B8819 /* Hanna.jpeg */ = {isa = PBXFileReference; lastKnownFileType = image.jpeg; path = Hanna.jpeg; sourceTree = "<group>"; };
		C0D97DDF2B12B897001B8819 /* avatar.jpg */ = {isa = PBXFileReference; lastKnownFileType = image.jpeg; path = avatar.jpg; sourceTree = "<group>"; };
		C0D97DE02B12B898001B8819 /* Tim.jpeg */ = {isa = PBXFileReference; lastKnownFileType = image.jpeg; path = Tim.jpeg; sourceTree = "<group>"; };
		C0D97DE12B12B898001B8819 /* Lukas.jpeg */ = {isa = PBXFileReference; lastKnownFileType = image.jpeg; path = Lukas.jpeg; sourceTree = "<group>"; };
		C0D97DEC2B13F98D001B8819 /* CustomToolbar.swift */ = {isa = PBXFileReference; lastKnownFileType = sourcecode.swift; path = CustomToolbar.swift; sourceTree = "<group>"; };
		C0D97DF02B140876001B8819 /* ProfileView.swift */ = {isa = PBXFileReference; lastKnownFileType = sourcecode.swift; path = ProfileView.swift; sourceTree = "<group>"; };
		C0D97DF32B14089D001B8819 /* SettingsView.swift */ = {isa = PBXFileReference; lastKnownFileType = sourcecode.swift; path = SettingsView.swift; sourceTree = "<group>"; };
		C0D97DF92B143170001B8819 /* TestView.swift */ = {isa = PBXFileReference; lastKnownFileType = sourcecode.swift; path = TestView.swift; sourceTree = "<group>"; };
		C0D97E002B149768001B8819 /* menuBG.jpeg */ = {isa = PBXFileReference; lastKnownFileType = image.jpeg; path = menuBG.jpeg; sourceTree = "<group>"; };
		C0D97E042B14A30F001B8819 /* RootView.swift */ = {isa = PBXFileReference; lastKnownFileType = sourcecode.swift; path = RootView.swift; sourceTree = "<group>"; };
/* End PBXFileReference section */

/* Begin PBXFrameworksBuildPhase section */
		C0858AF72B0F4F5F006BAAD3 /* Frameworks */ = {
			isa = PBXFrameworksBuildPhase;
			buildActionMask = 2147483647;
			files = (
				C0D97DC82B127083001B8819 /* Awesome in Frameworks */,
				C0D97DCB2B12AF40001B8819 /* SwipeActions in Frameworks */,
				C06E49412B16C9DD0051F654 /* SideMenu in Frameworks */,
				C06E49442B16C9F30051F654 /* SideMenu in Frameworks */,
				C0D97DB72B12088C001B8819 /* SnappingLayout in Frameworks */,
			);
			runOnlyForDeploymentPostprocessing = 0;
		};
/* End PBXFrameworksBuildPhase section */

/* Begin PBXGroup section */
		C0858AF12B0F4F5F006BAAD3 = {
			isa = PBXGroup;
			children = (
				C0858AFC2B0F4F5F006BAAD3 /* JobFigma */,
				C0858AFB2B0F4F5F006BAAD3 /* Products */,
			);
			sourceTree = "<group>";
		};
		C0858AFB2B0F4F5F006BAAD3 /* Products */ = {
			isa = PBXGroup;
			children = (
				C0858AFA2B0F4F5F006BAAD3 /* JobFigma.app */,
			);
			name = Products;
			sourceTree = "<group>";
		};
		C0858AFC2B0F4F5F006BAAD3 /* JobFigma */ = {
			isa = PBXGroup;
			children = (
				C0858B0B2B0F511C006BAAD3 /* UI */,
				C0D97DA82B102191001B8819 /* Models */,
				C0D97DA22B101EB5001B8819 /* Modules */,
				C0858AFD2B0F4F5F006BAAD3 /* JobFigmaApp.swift */,
				C0858B012B0F4F61006BAAD3 /* Assets.xcassets */,
				C0858B032B0F4F61006BAAD3 /* Preview Content */,
				C0D97DA62B101FF1001B8819 /* ContentView.swift */,
				C0D97DF92B143170001B8819 /* TestView.swift */,
			);
			path = JobFigma;
			sourceTree = "<group>";
		};
		C0858B032B0F4F61006BAAD3 /* Preview Content */ = {
			isa = PBXGroup;
			children = (
				C0858B042B0F4F61006BAAD3 /* Preview Assets.xcassets */,
			);
			path = "Preview Content";
			sourceTree = "<group>";
		};
		C0858B0B2B0F511C006BAAD3 /* UI */ = {
			isa = PBXGroup;
			children = (
				C0D97DAF2B10B6E1001B8819 /* Misc */,
				C0D97D972B0FC52D001B8819 /* JobCards */,
				C0858B132B0F629B006BAAD3 /* FormFields */,
				C0858B0C2B0F512E006BAAD3 /* Buttons */,
			);
			path = UI;
			sourceTree = "<group>";
		};
		C0858B0C2B0F512E006BAAD3 /* Buttons */ = {
			isa = PBXGroup;
			children = (
				C0858B0F2B0F51A2006BAAD3 /* ThemeButtons.swift */,
			);
			path = Buttons;
			sourceTree = "<group>";
		};
		C0858B132B0F629B006BAAD3 /* FormFields */ = {
			isa = PBXGroup;
			children = (
				C0858B112B0F6291006BAAD3 /* FormFields.swift */,
			);
			path = FormFields;
			sourceTree = "<group>";
		};
		C0D97D972B0FC52D001B8819 /* JobCards */ = {
			isa = PBXGroup;
			children = (
				C0D97D982B0FC571001B8819 /* JobCards.swift */,
			);
			path = JobCards;
			sourceTree = "<group>";
		};
		C0D97D9A2B0FD846001B8819 /* Views */ = {
			isa = PBXGroup;
			children = (
				C0858AFF2B0F4F5F006BAAD3 /* Welcome.swift */,
			);
			path = Views;
			sourceTree = "<group>";
		};
		C0D97DA22B101EB5001B8819 /* Modules */ = {
			isa = PBXGroup;
			children = (
				C0D97DF22B140887001B8819 /* SettingsModule */,
				C0D97DEE2B140855001B8819 /* ProfilModule */,
				C0D97DBA2B1242E3001B8819 /* ChatModule */,
				C0D97DAB2B10B253001B8819 /* MainModule */,
				C0D97DA52B101F29001B8819 /* WelcomeModule */,
				C0D97DA32B101ECE001B8819 /* AuthModule */,
			);
			path = Modules;
			sourceTree = "<group>";
		};
		C0D97DA32B101ECE001B8819 /* AuthModule */ = {
			isa = PBXGroup;
			children = (
				C0D97DA42B101EF5001B8819 /* Views */,
			);
			path = AuthModule;
			sourceTree = "<group>";
		};
		C0D97DA42B101EF5001B8819 /* Views */ = {
			isa = PBXGroup;
			children = (
				C0D97D9B2B0FDD14001B8819 /* Anmelden.swift */,
				C0D97DA02B1019B6001B8819 /* Registrieren.swift */,
			);
			path = Views;
			sourceTree = "<group>";
		};
		C0D97DA52B101F29001B8819 /* WelcomeModule */ = {
			isa = PBXGroup;
			children = (
				C0D97D9A2B0FD846001B8819 /* Views */,
			);
			path = WelcomeModule;
			sourceTree = "<group>";
		};
		C0D97DA82B102191001B8819 /* Models */ = {
			isa = PBXGroup;
			children = (
				C0D97DA92B1021CA001B8819 /* AppViewModel.swift */,
			);
			path = Models;
			sourceTree = "<group>";
		};
		C0D97DAB2B10B253001B8819 /* MainModule */ = {
			isa = PBXGroup;
			children = (
				C0D97E002B149768001B8819 /* menuBG.jpeg */,
				C0D97DAC2B10B261001B8819 /* Views */,
			);
			path = MainModule;
			sourceTree = "<group>";
		};
		C0D97DAC2B10B261001B8819 /* Views */ = {
			isa = PBXGroup;
			children = (
				C0D97DAD2B10B282001B8819 /* MainView.swift */,
				C0D97E042B14A30F001B8819 /* RootView.swift */,
			);
			path = Views;
			sourceTree = "<group>";
		};
		C0D97DAF2B10B6E1001B8819 /* Misc */ = {
			isa = PBXGroup;
			children = (
				C0D97DB02B10B825001B8819 /* Avatar.swift */,
				C0D97DC12B1269CE001B8819 /* NotificationIndicator.swift */,
				C0D97DEC2B13F98D001B8819 /* CustomToolbar.swift */,
			);
			path = Misc;
			sourceTree = "<group>";
		};
		C0D97DBA2B1242E3001B8819 /* ChatModule */ = {
			isa = PBXGroup;
			children = (
				C0D97DCC2B12B50F001B8819 /* MockData */,
				C0D97DBE2B126407001B8819 /* UI */,
				C0D97DBB2B1242F0001B8819 /* Views */,
			);
			path = ChatModule;
			sourceTree = "<group>";
		};
		C0D97DBB2B1242F0001B8819 /* Views */ = {
			isa = PBXGroup;
			children = (
				C0D97DBC2B12430A001B8819 /* ChatListView.swift */,
			);
			path = Views;
			sourceTree = "<group>";
		};
		C0D97DBE2B126407001B8819 /* UI */ = {
			isa = PBXGroup;
			children = (
				C0D97DBF2B12645B001B8819 /* ChatListElement.swift */,
			);
			path = UI;
			sourceTree = "<group>";
		};
		C0D97DCC2B12B50F001B8819 /* MockData */ = {
			isa = PBXGroup;
			children = (
				C0D97DCD2B12B538001B8819 /* Images */,
			);
			path = MockData;
			sourceTree = "<group>";
		};
		C0D97DCD2B12B538001B8819 /* Images */ = {
			isa = PBXGroup;
			children = (
				C0D97DCE2B12B563001B8819 /* Avatars */,
			);
			path = Images;
			sourceTree = "<group>";
		};
		C0D97DCE2B12B563001B8819 /* Avatars */ = {
			isa = PBXGroup;
			children = (
				C0D97DDF2B12B897001B8819 /* avatar.jpg */,
				C0D97DDB2B12B897001B8819 /* Finn.jpeg */,
				C0D97DDE2B12B897001B8819 /* Hanna.jpeg */,
				C0D97DDD2B12B897001B8819 /* Jonas.jpeg */,
				C0D97DDC2B12B897001B8819 /* Lea.jpeg */,
				C0D97DE12B12B898001B8819 /* Lukas.jpeg */,
				C0D97DE02B12B898001B8819 /* Tim.jpeg */,
			);
			path = Avatars;
			sourceTree = "<group>";
		};
		C0D97DEE2B140855001B8819 /* ProfilModule */ = {
			isa = PBXGroup;
			children = (
				C0D97DEF2B140861001B8819 /* Views */,
			);
			path = ProfilModule;
			sourceTree = "<group>";
		};
		C0D97DEF2B140861001B8819 /* Views */ = {
			isa = PBXGroup;
			children = (
				C0D97DF02B140876001B8819 /* ProfileView.swift */,
			);
			path = Views;
			sourceTree = "<group>";
		};
		C0D97DF22B140887001B8819 /* SettingsModule */ = {
			isa = PBXGroup;
			children = (
				C0D97DF52B1408A2001B8819 /* Views */,
			);
			path = SettingsModule;
			sourceTree = "<group>";
		};
		C0D97DF52B1408A2001B8819 /* Views */ = {
			isa = PBXGroup;
			children = (
				C0D97DF32B14089D001B8819 /* SettingsView.swift */,
			);
			path = Views;
			sourceTree = "<group>";
		};
/* End PBXGroup section */

/* Begin PBXNativeTarget section */
		C0858AF92B0F4F5F006BAAD3 /* JobFigma */ = {
			isa = PBXNativeTarget;
			buildConfigurationList = C0858B082B0F4F61006BAAD3 /* Build configuration list for PBXNativeTarget "JobFigma" */;
			buildPhases = (
				C0858AF62B0F4F5F006BAAD3 /* Sources */,
				C0858AF72B0F4F5F006BAAD3 /* Frameworks */,
				C0858AF82B0F4F5F006BAAD3 /* Resources */,
			);
			buildRules = (
			);
			dependencies = (
			);
			name = JobFigma;
			packageProductDependencies = (
				C0D97DB62B12088C001B8819 /* SnappingLayout */,
				C0D97DC72B127083001B8819 /* Awesome */,
				C0D97DCA2B12AF40001B8819 /* SwipeActions */,
				C06E49402B16C9DD0051F654 /* SideMenu */,
				C06E49432B16C9F30051F654 /* SideMenu */,
			);
			productName = JobFigma;
			productReference = C0858AFA2B0F4F5F006BAAD3 /* JobFigma.app */;
			productType = "com.apple.product-type.application";
		};
/* End PBXNativeTarget section */

/* Begin PBXProject section */
		C0858AF22B0F4F5F006BAAD3 /* Project object */ = {
			isa = PBXProject;
			attributes = {
				BuildIndependentTargetsInParallel = 1;
				LastSwiftUpdateCheck = 1500;
				LastUpgradeCheck = 1500;
				TargetAttributes = {
					C0858AF92B0F4F5F006BAAD3 = {
						CreatedOnToolsVersion = 15.0.1;
					};
				};
			};
			buildConfigurationList = C0858AF52B0F4F5F006BAAD3 /* Build configuration list for PBXProject "JobFigma" */;
			compatibilityVersion = "Xcode 14.0";
			developmentRegion = en;
			hasScannedForEncodings = 0;
			knownRegions = (
				en,
				Base,
			);
			mainGroup = C0858AF12B0F4F5F006BAAD3;
			packageReferences = (
				C0D97DB52B12088C001B8819 /* XCRemoteSwiftPackageReference "SnappingLayout" */,
				C0D97DC62B127083001B8819 /* XCRemoteSwiftPackageReference "Awesome" */,
				C0D97DC92B12AF40001B8819 /* XCRemoteSwiftPackageReference "SwipeActions" */,
				C06E49422B16C9F30051F654 /* XCRemoteSwiftPackageReference "SideMenu" */,
			);
			productRefGroup = C0858AFB2B0F4F5F006BAAD3 /* Products */;
			projectDirPath = "";
			projectRoot = "";
			targets = (
				C0858AF92B0F4F5F006BAAD3 /* JobFigma */,
			);
		};
/* End PBXProject section */

/* Begin PBXResourcesBuildPhase section */
		C0858AF82B0F4F5F006BAAD3 /* Resources */ = {
			isa = PBXResourcesBuildPhase;
			buildActionMask = 2147483647;
			files = (
				C0D97DE52B12B898001B8819 /* Hanna.jpeg in Resources */,
				C0D97DE62B12B898001B8819 /* avatar.jpg in Resources */,
				C0858B052B0F4F61006BAAD3 /* Preview Assets.xcassets in Resources */,
				C0D97DE42B12B898001B8819 /* Jonas.jpeg in Resources */,
				C0D97DE22B12B898001B8819 /* Finn.jpeg in Resources */,
				C0D97DE32B12B898001B8819 /* Lea.jpeg in Resources */,
				C0D97DE82B12B898001B8819 /* Lukas.jpeg in Resources */,
				C0D97DE72B12B898001B8819 /* Tim.jpeg in Resources */,
				C0858B022B0F4F61006BAAD3 /* Assets.xcassets in Resources */,
				C0D97E012B149768001B8819 /* menuBG.jpeg in Resources */,
			);
			runOnlyForDeploymentPostprocessing = 0;
		};
/* End PBXResourcesBuildPhase section */

/* Begin PBXSourcesBuildPhase section */
		C0858AF62B0F4F5F006BAAD3 /* Sources */ = {
			isa = PBXSourcesBuildPhase;
			buildActionMask = 2147483647;
			files = (
				C0D97DC02B12645C001B8819 /* ChatListElement.swift in Sources */,
				C0D97DAE2B10B282001B8819 /* MainView.swift in Sources */,
				C0858B002B0F4F5F006BAAD3 /* Welcome.swift in Sources */,
				C0858AFE2B0F4F5F006BAAD3 /* JobFigmaApp.swift in Sources */,
				C0D97DAA2B1021CA001B8819 /* AppViewModel.swift in Sources */,
				C0D97DF42B14089D001B8819 /* SettingsView.swift in Sources */,
				C0D97E052B14A30F001B8819 /* RootView.swift in Sources */,
				C0D97DFA2B143170001B8819 /* TestView.swift in Sources */,
				C0D97DA72B101FF1001B8819 /* ContentView.swift in Sources */,
				C0858B122B0F6291006BAAD3 /* FormFields.swift in Sources */,
				C0D97D9C2B0FDD14001B8819 /* Anmelden.swift in Sources */,
				C0D97DF12B140876001B8819 /* ProfileView.swift in Sources */,
				C0D97DA12B1019B6001B8819 /* Registrieren.swift in Sources */,
				C0D97DC22B1269CE001B8819 /* NotificationIndicator.swift in Sources */,
				C0D97DB12B10B825001B8819 /* Avatar.swift in Sources */,
				C0D97DED2B13F98D001B8819 /* CustomToolbar.swift in Sources */,
				C0858B102B0F51A2006BAAD3 /* ThemeButtons.swift in Sources */,
				C0D97D992B0FC571001B8819 /* JobCards.swift in Sources */,
				C0D97DBD2B12430A001B8819 /* ChatListView.swift in Sources */,
			);
			runOnlyForDeploymentPostprocessing = 0;
		};
/* End PBXSourcesBuildPhase section */

/* Begin XCBuildConfiguration section */
		C0858B062B0F4F61006BAAD3 /* Debug */ = {
			isa = XCBuildConfiguration;
			buildSettings = {
				ALWAYS_SEARCH_USER_PATHS = NO;
				ASSETCATALOG_COMPILER_GENERATE_SWIFT_ASSET_SYMBOL_EXTENSIONS = YES;
				CLANG_ANALYZER_NONNULL = YES;
				CLANG_ANALYZER_NUMBER_OBJECT_CONVERSION = YES_AGGRESSIVE;
				CLANG_CXX_LANGUAGE_STANDARD = "gnu++20";
				CLANG_ENABLE_MODULES = YES;
				CLANG_ENABLE_OBJC_ARC = YES;
				CLANG_ENABLE_OBJC_WEAK = YES;
				CLANG_WARN_BLOCK_CAPTURE_AUTORELEASING = YES;
				CLANG_WARN_BOOL_CONVERSION = YES;
				CLANG_WARN_COMMA = YES;
				CLANG_WARN_CONSTANT_CONVERSION = YES;
				CLANG_WARN_DEPRECATED_OBJC_IMPLEMENTATIONS = YES;
				CLANG_WARN_DIRECT_OBJC_ISA_USAGE = YES_ERROR;
				CLANG_WARN_DOCUMENTATION_COMMENTS = YES;
				CLANG_WARN_EMPTY_BODY = YES;
				CLANG_WARN_ENUM_CONVERSION = YES;
				CLANG_WARN_INFINITE_RECURSION = YES;
				CLANG_WARN_INT_CONVERSION = YES;
				CLANG_WARN_NON_LITERAL_NULL_CONVERSION = YES;
				CLANG_WARN_OBJC_IMPLICIT_RETAIN_SELF = YES;
				CLANG_WARN_OBJC_LITERAL_CONVERSION = YES;
				CLANG_WARN_OBJC_ROOT_CLASS = YES_ERROR;
				CLANG_WARN_QUOTED_INCLUDE_IN_FRAMEWORK_HEADER = YES;
				CLANG_WARN_RANGE_LOOP_ANALYSIS = YES;
				CLANG_WARN_STRICT_PROTOTYPES = YES;
				CLANG_WARN_SUSPICIOUS_MOVE = YES;
				CLANG_WARN_UNGUARDED_AVAILABILITY = YES_AGGRESSIVE;
				CLANG_WARN_UNREACHABLE_CODE = YES;
				CLANG_WARN__DUPLICATE_METHOD_MATCH = YES;
				COPY_PHASE_STRIP = NO;
				DEBUG_INFORMATION_FORMAT = dwarf;
				ENABLE_STRICT_OBJC_MSGSEND = YES;
				ENABLE_TESTABILITY = YES;
				ENABLE_USER_SCRIPT_SANDBOXING = YES;
				GCC_C_LANGUAGE_STANDARD = gnu17;
				GCC_DYNAMIC_NO_PIC = NO;
				GCC_NO_COMMON_BLOCKS = YES;
				GCC_OPTIMIZATION_LEVEL = 0;
				GCC_PREPROCESSOR_DEFINITIONS = (
					"DEBUG=1",
					"$(inherited)",
				);
				GCC_WARN_64_TO_32_BIT_CONVERSION = YES;
				GCC_WARN_ABOUT_RETURN_TYPE = YES_ERROR;
				GCC_WARN_UNDECLARED_SELECTOR = YES;
				GCC_WARN_UNINITIALIZED_AUTOS = YES_AGGRESSIVE;
				GCC_WARN_UNUSED_FUNCTION = YES;
				GCC_WARN_UNUSED_VARIABLE = YES;
				IPHONEOS_DEPLOYMENT_TARGET = 17.0;
				LOCALIZATION_PREFERS_STRING_CATALOGS = YES;
				MTL_ENABLE_DEBUG_INFO = INCLUDE_SOURCE;
				MTL_FAST_MATH = YES;
				ONLY_ACTIVE_ARCH = YES;
				SDKROOT = iphoneos;
				SWIFT_ACTIVE_COMPILATION_CONDITIONS = "DEBUG $(inherited)";
				SWIFT_OPTIMIZATION_LEVEL = "-Onone";
			};
			name = Debug;
		};
		C0858B072B0F4F61006BAAD3 /* Release */ = {
			isa = XCBuildConfiguration;
			buildSettings = {
				ALWAYS_SEARCH_USER_PATHS = NO;
				ASSETCATALOG_COMPILER_GENERATE_SWIFT_ASSET_SYMBOL_EXTENSIONS = YES;
				CLANG_ANALYZER_NONNULL = YES;
				CLANG_ANALYZER_NUMBER_OBJECT_CONVERSION = YES_AGGRESSIVE;
				CLANG_CXX_LANGUAGE_STANDARD = "gnu++20";
				CLANG_ENABLE_MODULES = YES;
				CLANG_ENABLE_OBJC_ARC = YES;
				CLANG_ENABLE_OBJC_WEAK = YES;
				CLANG_WARN_BLOCK_CAPTURE_AUTORELEASING = YES;
				CLANG_WARN_BOOL_CONVERSION = YES;
				CLANG_WARN_COMMA = YES;
				CLANG_WARN_CONSTANT_CONVERSION = YES;
				CLANG_WARN_DEPRECATED_OBJC_IMPLEMENTATIONS = YES;
				CLANG_WARN_DIRECT_OBJC_ISA_USAGE = YES_ERROR;
				CLANG_WARN_DOCUMENTATION_COMMENTS = YES;
				CLANG_WARN_EMPTY_BODY = YES;
				CLANG_WARN_ENUM_CONVERSION = YES;
				CLANG_WARN_INFINITE_RECURSION = YES;
				CLANG_WARN_INT_CONVERSION = YES;
				CLANG_WARN_NON_LITERAL_NULL_CONVERSION = YES;
				CLANG_WARN_OBJC_IMPLICIT_RETAIN_SELF = YES;
				CLANG_WARN_OBJC_LITERAL_CONVERSION = YES;
				CLANG_WARN_OBJC_ROOT_CLASS = YES_ERROR;
				CLANG_WARN_QUOTED_INCLUDE_IN_FRAMEWORK_HEADER = YES;
				CLANG_WARN_RANGE_LOOP_ANALYSIS = YES;
				CLANG_WARN_STRICT_PROTOTYPES = YES;
				CLANG_WARN_SUSPICIOUS_MOVE = YES;
				CLANG_WARN_UNGUARDED_AVAILABILITY = YES_AGGRESSIVE;
				CLANG_WARN_UNREACHABLE_CODE = YES;
				CLANG_WARN__DUPLICATE_METHOD_MATCH = YES;
				COPY_PHASE_STRIP = NO;
				DEBUG_INFORMATION_FORMAT = "dwarf-with-dsym";
				ENABLE_NS_ASSERTIONS = NO;
				ENABLE_STRICT_OBJC_MSGSEND = YES;
				ENABLE_USER_SCRIPT_SANDBOXING = YES;
				GCC_C_LANGUAGE_STANDARD = gnu17;
				GCC_NO_COMMON_BLOCKS = YES;
				GCC_WARN_64_TO_32_BIT_CONVERSION = YES;
				GCC_WARN_ABOUT_RETURN_TYPE = YES_ERROR;
				GCC_WARN_UNDECLARED_SELECTOR = YES;
				GCC_WARN_UNINITIALIZED_AUTOS = YES_AGGRESSIVE;
				GCC_WARN_UNUSED_FUNCTION = YES;
				GCC_WARN_UNUSED_VARIABLE = YES;
				IPHONEOS_DEPLOYMENT_TARGET = 17.0;
				LOCALIZATION_PREFERS_STRING_CATALOGS = YES;
				MTL_ENABLE_DEBUG_INFO = NO;
				MTL_FAST_MATH = YES;
				SDKROOT = iphoneos;
				SWIFT_COMPILATION_MODE = wholemodule;
				VALIDATE_PRODUCT = YES;
			};
			name = Release;
		};
		C0858B092B0F4F61006BAAD3 /* Debug */ = {
			isa = XCBuildConfiguration;
			buildSettings = {
				ASSETCATALOG_COMPILER_APPICON_NAME = AppIcon;
				ASSETCATALOG_COMPILER_GLOBAL_ACCENT_COLOR_NAME = AccentColor;
				CODE_SIGN_STYLE = Automatic;
				CURRENT_PROJECT_VERSION = 1;
				DEVELOPMENT_ASSET_PATHS = "\"JobFigma/Preview Content\"";
				DEVELOPMENT_TEAM = K9GS6P7ZKP;
				ENABLE_PREVIEWS = YES;
				GENERATE_INFOPLIST_FILE = YES;
				INFOPLIST_KEY_UIApplicationSceneManifest_Generation = YES;
				INFOPLIST_KEY_UIApplicationSupportsIndirectInputEvents = YES;
				INFOPLIST_KEY_UILaunchScreen_Generation = YES;
				INFOPLIST_KEY_UISupportedInterfaceOrientations_iPad = "UIInterfaceOrientationPortrait UIInterfaceOrientationPortraitUpsideDown UIInterfaceOrientationLandscapeLeft UIInterfaceOrientationLandscapeRight";
				INFOPLIST_KEY_UISupportedInterfaceOrientations_iPhone = "UIInterfaceOrientationPortrait UIInterfaceOrientationLandscapeLeft UIInterfaceOrientationLandscapeRight";
				LD_RUNPATH_SEARCH_PATHS = (
					"$(inherited)",
					"@executable_path/Frameworks",
				);
				MARKETING_VERSION = 1.0;
				PRODUCT_BUNDLE_IDENTIFIER = com.demianfueglistaler.JobFigma;
				PRODUCT_NAME = "$(TARGET_NAME)";
				SWIFT_EMIT_LOC_STRINGS = YES;
				SWIFT_VERSION = 5.0;
				TARGETED_DEVICE_FAMILY = "1,2";
			};
			name = Debug;
		};
		C0858B0A2B0F4F61006BAAD3 /* Release */ = {
			isa = XCBuildConfiguration;
			buildSettings = {
				ASSETCATALOG_COMPILER_APPICON_NAME = AppIcon;
				ASSETCATALOG_COMPILER_GLOBAL_ACCENT_COLOR_NAME = AccentColor;
				CODE_SIGN_STYLE = Automatic;
				CURRENT_PROJECT_VERSION = 1;
				DEVELOPMENT_ASSET_PATHS = "\"JobFigma/Preview Content\"";
				DEVELOPMENT_TEAM = K9GS6P7ZKP;
				ENABLE_PREVIEWS = YES;
				GENERATE_INFOPLIST_FILE = YES;
				INFOPLIST_KEY_UIApplicationSceneManifest_Generation = YES;
				INFOPLIST_KEY_UIApplicationSupportsIndirectInputEvents = YES;
				INFOPLIST_KEY_UILaunchScreen_Generation = YES;
				INFOPLIST_KEY_UISupportedInterfaceOrientations_iPad = "UIInterfaceOrientationPortrait UIInterfaceOrientationPortraitUpsideDown UIInterfaceOrientationLandscapeLeft UIInterfaceOrientationLandscapeRight";
				INFOPLIST_KEY_UISupportedInterfaceOrientations_iPhone = "UIInterfaceOrientationPortrait UIInterfaceOrientationLandscapeLeft UIInterfaceOrientationLandscapeRight";
				LD_RUNPATH_SEARCH_PATHS = (
					"$(inherited)",
					"@executable_path/Frameworks",
				);
				MARKETING_VERSION = 1.0;
				PRODUCT_BUNDLE_IDENTIFIER = com.demianfueglistaler.JobFigma;
				PRODUCT_NAME = "$(TARGET_NAME)";
				SWIFT_EMIT_LOC_STRINGS = YES;
				SWIFT_VERSION = 5.0;
				TARGETED_DEVICE_FAMILY = "1,2";
			};
			name = Release;
		};
/* End XCBuildConfiguration section */

/* Begin XCConfigurationList section */
		C0858AF52B0F4F5F006BAAD3 /* Build configuration list for PBXProject "JobFigma" */ = {
			isa = XCConfigurationList;
			buildConfigurations = (
				C0858B062B0F4F61006BAAD3 /* Debug */,
				C0858B072B0F4F61006BAAD3 /* Release */,
			);
			defaultConfigurationIsVisible = 0;
			defaultConfigurationName = Release;
		};
		C0858B082B0F4F61006BAAD3 /* Build configuration list for PBXNativeTarget "JobFigma" */ = {
			isa = XCConfigurationList;
			buildConfigurations = (
				C0858B092B0F4F61006BAAD3 /* Debug */,
				C0858B0A2B0F4F61006BAAD3 /* Release */,
			);
			defaultConfigurationIsVisible = 0;
			defaultConfigurationName = Release;
		};
/* End XCConfigurationList section */

/* Begin XCRemoteSwiftPackageReference section */
		C06E49422B16C9F30051F654 /* XCRemoteSwiftPackageReference "SideMenu" */ = {
			isa = XCRemoteSwiftPackageReference;
			repositoryURL = "https://github.com/xartistax/SideMenu.git";
			requirement = {
				branch = main;
				kind = branch;
			};
		};
		C0D97DB52B12088C001B8819 /* XCRemoteSwiftPackageReference "SnappingLayout" */ = {
			isa = XCRemoteSwiftPackageReference;
			repositoryURL = "https://github.com/getmimo/SnappingLayout.git";
			requirement = {
				kind = upToNextMajorVersion;
				minimumVersion = 0.1.4;
			};
		};
		C0D97DC62B127083001B8819 /* XCRemoteSwiftPackageReference "Awesome" */ = {
			isa = XCRemoteSwiftPackageReference;
			repositoryURL = "https://github.com/LiveUI/Awesome.git";
			requirement = {
				kind = upToNextMajorVersion;
				minimumVersion = 2.4.0;
			};
		};
		C0D97DC92B12AF40001B8819 /* XCRemoteSwiftPackageReference "SwipeActions" */ = {
			isa = XCRemoteSwiftPackageReference;
			repositoryURL = "https://github.com/aheze/SwipeActions.git";
			requirement = {
				kind = upToNextMajorVersion;
				minimumVersion = 1.1.0;
			};
		};
/* End XCRemoteSwiftPackageReference section */

/* Begin XCSwiftPackageProductDependency section */
		C06E49402B16C9DD0051F654 /* SideMenu */ = {
			isa = XCSwiftPackageProductDependency;
			productName = SideMenu;
		};
		C06E49432B16C9F30051F654 /* SideMenu */ = {
			isa = XCSwiftPackageProductDependency;
			package = C06E49422B16C9F30051F654 /* XCRemoteSwiftPackageReference "SideMenu" */;
			productName = SideMenu;
		};
		C0D97DB62B12088C001B8819 /* SnappingLayout */ = {
			isa = XCSwiftPackageProductDependency;
			package = C0D97DB52B12088C001B8819 /* XCRemoteSwiftPackageReference "SnappingLayout" */;
			productName = SnappingLayout;
		};
		C0D97DC72B127083001B8819 /* Awesome */ = {
			isa = XCSwiftPackageProductDependency;
			package = C0D97DC62B127083001B8819 /* XCRemoteSwiftPackageReference "Awesome" */;
			productName = Awesome;
		};
		C0D97DCA2B12AF40001B8819 /* SwipeActions */ = {
			isa = XCSwiftPackageProductDependency;
			package = C0D97DC92B12AF40001B8819 /* XCRemoteSwiftPackageReference "SwipeActions" */;
			productName = SwipeActions;
		};
/* End XCSwiftPackageProductDependency section */
	};
	rootObject = C0858AF22B0F4F5F006BAAD3 /* Project object */;
}
